// !$*UTF8*$!
{
	archiveVersion = 1;
	classes = {
	};
	objectVersion = 50;
	objects = {

/* Begin PBXBuildFile section */
		456FE9D1BB0940BB7E889D27 /* Pods_LottieInVideo.framework in Frameworks */ = {isa = PBXBuildFile; fileRef = ECA835062A34378171B70D7C /* Pods_LottieInVideo.framework */; };
		E611F60321C4F8AF00B4FAA0 /* AppDelegate.swift in Sources */ = {isa = PBXBuildFile; fileRef = E611F60221C4F8AF00B4FAA0 /* AppDelegate.swift */; };
		E611F60521C4F8AF00B4FAA0 /* ViewController.swift in Sources */ = {isa = PBXBuildFile; fileRef = E611F60421C4F8AF00B4FAA0 /* ViewController.swift */; };
		E611F60821C4F8AF00B4FAA0 /* Main.storyboard in Resources */ = {isa = PBXBuildFile; fileRef = E611F60621C4F8AF00B4FAA0 /* Main.storyboard */; };
		E611F60A21C4F8B000B4FAA0 /* Assets.xcassets in Resources */ = {isa = PBXBuildFile; fileRef = E611F60921C4F8B000B4FAA0 /* Assets.xcassets */; };
		E611F60D21C4F8B000B4FAA0 /* LaunchScreen.storyboard in Resources */ = {isa = PBXBuildFile; fileRef = E611F60B21C4F8B000B4FAA0 /* LaunchScreen.storyboard */; };
		E6517BA021D099BA00F670A3 /* drinks.json in Resources */ = {isa = PBXBuildFile; fileRef = E6517B9F21D099BA00F670A3 /* drinks.json */; };
		E664EBC721F878F4007123FE /* CustomVideoCompositor.swift in Sources */ = {isa = PBXBuildFile; fileRef = E664EBC521F878F4007123FE /* CustomVideoCompositor.swift */; };
		E664EBC821F878F4007123FE /* CustomLayerInstruction.swift in Sources */ = {isa = PBXBuildFile; fileRef = E664EBC621F878F4007123FE /* CustomLayerInstruction.swift */; };
		E69CE85D21C50811006B13E8 /* Sticker.swift in Sources */ = {isa = PBXBuildFile; fileRef = E69CE85C21C50811006B13E8 /* Sticker.swift */; };
		E69CE86021C50840006B13E8 /* StickerView.swift in Sources */ = {isa = PBXBuildFile; fileRef = E69CE85E21C50840006B13E8 /* StickerView.swift */; };
		E69CE86121C50840006B13E8 /* StickerWrapView.swift in Sources */ = {isa = PBXBuildFile; fileRef = E69CE85F21C50840006B13E8 /* StickerWrapView.swift */; };
		E69CE86321C509D4006B13E8 /* Util.swift in Sources */ = {isa = PBXBuildFile; fileRef = E69CE86221C509D4006B13E8 /* Util.swift */; };
		E69D369D21C63268003C80D2 /* VideoPreview.swift in Sources */ = {isa = PBXBuildFile; fileRef = E69D369C21C63268003C80D2 /* VideoPreview.swift */; };
		E69D369F21C63392003C80D2 /* ResizableSlider.swift in Sources */ = {isa = PBXBuildFile; fileRef = E69D369E21C63392003C80D2 /* ResizableSlider.swift */; };
		E69D36A121C63C0D003C80D2 /* UIView+Positioning.swift in Sources */ = {isa = PBXBuildFile; fileRef = E69D36A021C63C0D003C80D2 /* UIView+Positioning.swift */; };
		E69D36A821C64344003C80D2 /* 1532072337.63853.MP4 in Resources */ = {isa = PBXBuildFile; fileRef = E69D36A621C64344003C80D2 /* 1532072337.63853.MP4 */; };
		E69D36AC21C64355003C80D2 /* PinJump.json in Resources */ = {isa = PBXBuildFile; fileRef = E69D36AB21C64355003C80D2 /* PinJump.json */; };
		E69D36B021C65374003C80D2 /* WelcomeToIsland.json in Resources */ = {isa = PBXBuildFile; fileRef = E69D36AF21C65374003C80D2 /* WelcomeToIsland.json */; };
		E69D36B221C65378003C80D2 /* HamburgerArrow.json in Resources */ = {isa = PBXBuildFile; fileRef = E69D36B121C65378003C80D2 /* HamburgerArrow.json */; };
		E69D36B621C65596003C80D2 /* hunluan.json in Resources */ = {isa = PBXBuildFile; fileRef = E69D36B521C65596003C80D2 /* hunluan.json */; };
		E69D36B821C65620003C80D2 /* xingxing.json in Resources */ = {isa = PBXBuildFile; fileRef = E69D36B721C65620003C80D2 /* xingxing.json */; };
/* End PBXBuildFile section */

/* Begin PBXFileReference section */
		48A383B9FB37A398635568D2 /* Pods-LottieInVideo.release.xcconfig */ = {isa = PBXFileReference; includeInIndex = 1; lastKnownFileType = text.xcconfig; name = "Pods-LottieInVideo.release.xcconfig"; path = "Pods/Target Support Files/Pods-LottieInVideo/Pods-LottieInVideo.release.xcconfig"; sourceTree = "<group>"; };
		8E1DF4586636AF0E4A2FD818 /* Pods-LottieInVideo.debug.xcconfig */ = {isa = PBXFileReference; includeInIndex = 1; lastKnownFileType = text.xcconfig; name = "Pods-LottieInVideo.debug.xcconfig"; path = "Pods/Target Support Files/Pods-LottieInVideo/Pods-LottieInVideo.debug.xcconfig"; sourceTree = "<group>"; };
		E611F5FF21C4F8AF00B4FAA0 /* LottieInVideo.app */ = {isa = PBXFileReference; explicitFileType = wrapper.application; includeInIndex = 0; path = LottieInVideo.app; sourceTree = BUILT_PRODUCTS_DIR; };
		E611F60221C4F8AF00B4FAA0 /* AppDelegate.swift */ = {isa = PBXFileReference; lastKnownFileType = sourcecode.swift; path = AppDelegate.swift; sourceTree = "<group>"; };
		E611F60421C4F8AF00B4FAA0 /* ViewController.swift */ = {isa = PBXFileReference; lastKnownFileType = sourcecode.swift; path = ViewController.swift; sourceTree = "<group>"; };
		E611F60721C4F8AF00B4FAA0 /* Base */ = {isa = PBXFileReference; lastKnownFileType = file.storyboard; name = Base; path = Base.lproj/Main.storyboard; sourceTree = "<group>"; };
		E611F60921C4F8B000B4FAA0 /* Assets.xcassets */ = {isa = PBXFileReference; lastKnownFileType = folder.assetcatalog; path = Assets.xcassets; sourceTree = "<group>"; };
		E611F60C21C4F8B000B4FAA0 /* Base */ = {isa = PBXFileReference; lastKnownFileType = file.storyboard; name = Base; path = Base.lproj/LaunchScreen.storyboard; sourceTree = "<group>"; };
		E611F60E21C4F8B000B4FAA0 /* Info.plist */ = {isa = PBXFileReference; lastKnownFileType = text.plist.xml; path = Info.plist; sourceTree = "<group>"; };
		E6517B9F21D099BA00F670A3 /* drinks.json */ = {isa = PBXFileReference; fileEncoding = 4; lastKnownFileType = text.json; path = drinks.json; sourceTree = "<group>"; };
		E664EBC521F878F4007123FE /* CustomVideoCompositor.swift */ = {isa = PBXFileReference; fileEncoding = 4; lastKnownFileType = sourcecode.swift; path = CustomVideoCompositor.swift; sourceTree = "<group>"; };
		E664EBC621F878F4007123FE /* CustomLayerInstruction.swift */ = {isa = PBXFileReference; fileEncoding = 4; lastKnownFileType = sourcecode.swift; path = CustomLayerInstruction.swift; sourceTree = "<group>"; };
		E69CE85C21C50811006B13E8 /* Sticker.swift */ = {isa = PBXFileReference; lastKnownFileType = sourcecode.swift; path = Sticker.swift; sourceTree = "<group>"; };
		E69CE85E21C50840006B13E8 /* StickerView.swift */ = {isa = PBXFileReference; fileEncoding = 4; lastKnownFileType = sourcecode.swift; path = StickerView.swift; sourceTree = "<group>"; };
		E69CE85F21C50840006B13E8 /* StickerWrapView.swift */ = {isa = PBXFileReference; fileEncoding = 4; lastKnownFileType = sourcecode.swift; path = StickerWrapView.swift; sourceTree = "<group>"; };
		E69CE86221C509D4006B13E8 /* Util.swift */ = {isa = PBXFileReference; lastKnownFileType = sourcecode.swift; path = Util.swift; sourceTree = "<group>"; };
		E69D369C21C63268003C80D2 /* VideoPreview.swift */ = {isa = PBXFileReference; lastKnownFileType = sourcecode.swift; path = VideoPreview.swift; sourceTree = "<group>"; };
		E69D369E21C63392003C80D2 /* ResizableSlider.swift */ = {isa = PBXFileReference; lastKnownFileType = sourcecode.swift; path = ResizableSlider.swift; sourceTree = "<group>"; };
		E69D36A021C63C0D003C80D2 /* UIView+Positioning.swift */ = {isa = PBXFileReference; fileEncoding = 4; lastKnownFileType = sourcecode.swift; path = "UIView+Positioning.swift"; sourceTree = "<group>"; };
		E69D36A621C64344003C80D2 /* 1532072337.63853.MP4 */ = {isa = PBXFileReference; lastKnownFileType = file; path = 1532072337.63853.MP4; sourceTree = "<group>"; };
		E69D36AB21C64355003C80D2 /* PinJump.json */ = {isa = PBXFileReference; fileEncoding = 4; lastKnownFileType = text.json; path = PinJump.json; sourceTree = "<group>"; };
		E69D36AF21C65374003C80D2 /* WelcomeToIsland.json */ = {isa = PBXFileReference; fileEncoding = 4; lastKnownFileType = text.json; path = WelcomeToIsland.json; sourceTree = "<group>"; };
		E69D36B121C65378003C80D2 /* HamburgerArrow.json */ = {isa = PBXFileReference; fileEncoding = 4; lastKnownFileType = text.json; path = HamburgerArrow.json; sourceTree = "<group>"; };
		E69D36B521C65596003C80D2 /* hunluan.json */ = {isa = PBXFileReference; fileEncoding = 4; lastKnownFileType = text.json; path = hunluan.json; sourceTree = "<group>"; };
		E69D36B721C65620003C80D2 /* xingxing.json */ = {isa = PBXFileReference; fileEncoding = 4; lastKnownFileType = text.json; path = xingxing.json; sourceTree = "<group>"; };
		ECA835062A34378171B70D7C /* Pods_LottieInVideo.framework */ = {isa = PBXFileReference; explicitFileType = wrapper.framework; includeInIndex = 0; path = Pods_LottieInVideo.framework; sourceTree = BUILT_PRODUCTS_DIR; };
/* End PBXFileReference section */

/* Begin PBXFrameworksBuildPhase section */
		E611F5FC21C4F8AF00B4FAA0 /* Frameworks */ = {
			isa = PBXFrameworksBuildPhase;
			buildActionMask = 2147483647;
			files = (
				456FE9D1BB0940BB7E889D27 /* Pods_LottieInVideo.framework in Frameworks */,
			);
			runOnlyForDeploymentPostprocessing = 0;
		};
/* End PBXFrameworksBuildPhase section */

/* Begin PBXGroup section */
		2D04DABA761D01A40873AC4F /* Pods */ = {
			isa = PBXGroup;
			children = (
				8E1DF4586636AF0E4A2FD818 /* Pods-LottieInVideo.debug.xcconfig */,
				48A383B9FB37A398635568D2 /* Pods-LottieInVideo.release.xcconfig */,
			);
			name = Pods;
			sourceTree = "<group>";
		};
		9586BEB2E8F8C766E72D91AA /* Frameworks */ = {
			isa = PBXGroup;
			children = (
				ECA835062A34378171B70D7C /* Pods_LottieInVideo.framework */,
			);
			name = Frameworks;
			sourceTree = "<group>";
		};
		E611F5F621C4F8AF00B4FAA0 = {
			isa = PBXGroup;
			children = (
				E611F60121C4F8AF00B4FAA0 /* LottieInVideo */,
				E611F60021C4F8AF00B4FAA0 /* Products */,
				2D04DABA761D01A40873AC4F /* Pods */,
				9586BEB2E8F8C766E72D91AA /* Frameworks */,
			);
			sourceTree = "<group>";
		};
		E611F60021C4F8AF00B4FAA0 /* Products */ = {
			isa = PBXGroup;
			children = (
				E611F5FF21C4F8AF00B4FAA0 /* LottieInVideo.app */,
			);
			name = Products;
			sourceTree = "<group>";
		};
		E611F60121C4F8AF00B4FAA0 /* LottieInVideo */ = {
			isa = PBXGroup;
			children = (
				E69D36A421C64328003C80D2 /* Resource */,
				E69CE85821C50801006B13E8 /* Classes */,
				E611F60221C4F8AF00B4FAA0 /* AppDelegate.swift */,
				E611F60421C4F8AF00B4FAA0 /* ViewController.swift */,
				E611F60621C4F8AF00B4FAA0 /* Main.storyboard */,
				E611F60921C4F8B000B4FAA0 /* Assets.xcassets */,
				E611F60B21C4F8B000B4FAA0 /* LaunchScreen.storyboard */,
				E611F60E21C4F8B000B4FAA0 /* Info.plist */,
			);
			path = LottieInVideo;
			sourceTree = "<group>";
		};
		E664EBC421F878ED007123FE /* Editor */ = {
			isa = PBXGroup;
			children = (
				E664EBC621F878F4007123FE /* CustomLayerInstruction.swift */,
				E664EBC521F878F4007123FE /* CustomVideoCompositor.swift */,
			);
			path = Editor;
			sourceTree = "<group>";
		};
		E69CE85821C50801006B13E8 /* Classes */ = {
			isa = PBXGroup;
			children = (
				E664EBC421F878ED007123FE /* Editor */,
				E69D36A021C63C0D003C80D2 /* UIView+Positioning.swift */,
				E69CE85921C50801006B13E8 /* Sticker */,
				E69CE86221C509D4006B13E8 /* Util.swift */,
				E69D369C21C63268003C80D2 /* VideoPreview.swift */,
				E69D369E21C63392003C80D2 /* ResizableSlider.swift */,
			);
			path = Classes;
			sourceTree = "<group>";
		};
		E69CE85921C50801006B13E8 /* Sticker */ = {
			isa = PBXGroup;
			children = (
				E69CE85A21C50801006B13E8 /* Model */,
				E69CE85B21C50801006B13E8 /* View */,
			);
			path = Sticker;
			sourceTree = "<group>";
		};
		E69CE85A21C50801006B13E8 /* Model */ = {
			isa = PBXGroup;
			children = (
				E69CE85C21C50811006B13E8 /* Sticker.swift */,
			);
			path = Model;
			sourceTree = "<group>";
		};
		E69CE85B21C50801006B13E8 /* View */ = {
			isa = PBXGroup;
			children = (
				E69CE85E21C50840006B13E8 /* StickerView.swift */,
				E69CE85F21C50840006B13E8 /* StickerWrapView.swift */,
			);
			path = View;
			sourceTree = "<group>";
		};
		E69D36A421C64328003C80D2 /* Resource */ = {
			isa = PBXGroup;
			children = (
				E6517B9F21D099BA00F670A3 /* drinks.json */,
				E69D36B721C65620003C80D2 /* xingxing.json */,
				E69D36B521C65596003C80D2 /* hunluan.json */,
				E69D36B121C65378003C80D2 /* HamburgerArrow.json */,
				E69D36AF21C65374003C80D2 /* WelcomeToIsland.json */,
				E69D36AB21C64355003C80D2 /* PinJump.json */,
				E69D36A621C64344003C80D2 /* 1532072337.63853.MP4 */,
			);
			path = Resource;
			sourceTree = "<group>";
		};
/* End PBXGroup section */

/* Begin PBXNativeTarget section */
		E611F5FE21C4F8AF00B4FAA0 /* LottieInVideo */ = {
			isa = PBXNativeTarget;
			buildConfigurationList = E611F61121C4F8B000B4FAA0 /* Build configuration list for PBXNativeTarget "LottieInVideo" */;
			buildPhases = (
				A83FBC3423F670680EF54204 /* [CP] Check Pods Manifest.lock */,
				E611F5FB21C4F8AF00B4FAA0 /* Sources */,
				E611F5FC21C4F8AF00B4FAA0 /* Frameworks */,
				E611F5FD21C4F8AF00B4FAA0 /* Resources */,
				3C969EF0956B2AE8B49CFF72 /* [CP] Embed Pods Frameworks */,
			);
			buildRules = (
			);
			dependencies = (
			);
			name = LottieInVideo;
			productName = LottieInVideo;
			productReference = E611F5FF21C4F8AF00B4FAA0 /* LottieInVideo.app */;
			productType = "com.apple.product-type.application";
		};
/* End PBXNativeTarget section */

/* Begin PBXProject section */
		E611F5F721C4F8AF00B4FAA0 /* Project object */ = {
			isa = PBXProject;
			attributes = {
				LastSwiftUpdateCheck = 1010;
				LastUpgradeCheck = 1010;
				ORGANIZATIONNAME = lvpengwei;
				TargetAttributes = {
					E611F5FE21C4F8AF00B4FAA0 = {
						CreatedOnToolsVersion = 10.1;
					};
				};
			};
			buildConfigurationList = E611F5FA21C4F8AF00B4FAA0 /* Build configuration list for PBXProject "LottieInVideo" */;
			compatibilityVersion = "Xcode 9.3";
			developmentRegion = en;
			hasScannedForEncodings = 0;
			knownRegions = (
				en,
				Base,
			);
			mainGroup = E611F5F621C4F8AF00B4FAA0;
			productRefGroup = E611F60021C4F8AF00B4FAA0 /* Products */;
			projectDirPath = "";
			projectRoot = "";
			targets = (
				E611F5FE21C4F8AF00B4FAA0 /* LottieInVideo */,
			);
		};
/* End PBXProject section */

/* Begin PBXResourcesBuildPhase section */
		E611F5FD21C4F8AF00B4FAA0 /* Resources */ = {
			isa = PBXResourcesBuildPhase;
			buildActionMask = 2147483647;
			files = (
				E69D36AC21C64355003C80D2 /* PinJump.json in Resources */,
				E611F60D21C4F8B000B4FAA0 /* LaunchScreen.storyboard in Resources */,
				E69D36B221C65378003C80D2 /* HamburgerArrow.json in Resources */,
				E69D36B021C65374003C80D2 /* WelcomeToIsland.json in Resources */,
				E69D36B621C65596003C80D2 /* hunluan.json in Resources */,
				E611F60A21C4F8B000B4FAA0 /* Assets.xcassets in Resources */,
				E6517BA021D099BA00F670A3 /* drinks.json in Resources */,
				E69D36B821C65620003C80D2 /* xingxing.json in Resources */,
				E69D36A821C64344003C80D2 /* 1532072337.63853.MP4 in Resources */,
				E611F60821C4F8AF00B4FAA0 /* Main.storyboard in Resources */,
			);
			runOnlyForDeploymentPostprocessing = 0;
		};
/* End PBXResourcesBuildPhase section */

/* Begin PBXShellScriptBuildPhase section */
		3C969EF0956B2AE8B49CFF72 /* [CP] Embed Pods Frameworks */ = {
			isa = PBXShellScriptBuildPhase;
			buildActionMask = 2147483647;
			files = (
			);
			inputFileListPaths = (
			);
			inputPaths = (
				"${PODS_ROOT}/Target Support Files/Pods-LottieInVideo/Pods-LottieInVideo-frameworks.sh",
				"${BUILT_PRODUCTS_DIR}/AVPlayerSeeker/AVPlayerSeeker.framework",
				"${BUILT_PRODUCTS_DIR}/RxAtomic/RxAtomic.framework",
				"${BUILT_PRODUCTS_DIR}/RxCocoa/RxCocoa.framework",
				"${BUILT_PRODUCTS_DIR}/RxSwift/RxSwift.framework",
				"${BUILT_PRODUCTS_DIR}/SCRecorder/SCRecorder.framework",
				"${BUILT_PRODUCTS_DIR}/SnapKit/SnapKit.framework",
				"${BUILT_PRODUCTS_DIR}/UIColor_Hex_Swift/UIColor_Hex_Swift.framework",
				"${BUILT_PRODUCTS_DIR}/lottie-ios/Lottie.framework",
			);
			name = "[CP] Embed Pods Frameworks";
			outputFileListPaths = (
			);
			outputPaths = (
				"${TARGET_BUILD_DIR}/${FRAMEWORKS_FOLDER_PATH}/AVPlayerSeeker.framework",
				"${TARGET_BUILD_DIR}/${FRAMEWORKS_FOLDER_PATH}/RxAtomic.framework",
				"${TARGET_BUILD_DIR}/${FRAMEWORKS_FOLDER_PATH}/RxCocoa.framework",
				"${TARGET_BUILD_DIR}/${FRAMEWORKS_FOLDER_PATH}/RxSwift.framework",
				"${TARGET_BUILD_DIR}/${FRAMEWORKS_FOLDER_PATH}/SCRecorder.framework",
				"${TARGET_BUILD_DIR}/${FRAMEWORKS_FOLDER_PATH}/SnapKit.framework",
				"${TARGET_BUILD_DIR}/${FRAMEWORKS_FOLDER_PATH}/UIColor_Hex_Swift.framework",
				"${TARGET_BUILD_DIR}/${FRAMEWORKS_FOLDER_PATH}/Lottie.framework",
			);
			runOnlyForDeploymentPostprocessing = 0;
			shellPath = /bin/sh;
			shellScript = "\"${PODS_ROOT}/Target Support Files/Pods-LottieInVideo/Pods-LottieInVideo-frameworks.sh\"\n";
			showEnvVarsInLog = 0;
		};
		A83FBC3423F670680EF54204 /* [CP] Check Pods Manifest.lock */ = {
			isa = PBXShellScriptBuildPhase;
			buildActionMask = 2147483647;
			files = (
			);
			inputFileListPaths = (
			);
			inputPaths = (
				"${PODS_PODFILE_DIR_PATH}/Podfile.lock",
				"${PODS_ROOT}/Manifest.lock",
			);
			name = "[CP] Check Pods Manifest.lock";
			outputFileListPaths = (
			);
			outputPaths = (
				"$(DERIVED_FILE_DIR)/Pods-LottieInVideo-checkManifestLockResult.txt",
			);
			runOnlyForDeploymentPostprocessing = 0;
			shellPath = /bin/sh;
			shellScript = "diff \"${PODS_PODFILE_DIR_PATH}/Podfile.lock\" \"${PODS_ROOT}/Manifest.lock\" > /dev/null\nif [ $? != 0 ] ; then\n    # print error to STDERR\n    echo \"error: The sandbox is not in sync with the Podfile.lock. Run 'pod install' or update your CocoaPods installation.\" >&2\n    exit 1\nfi\n# This output is used by Xcode 'outputs' to avoid re-running this script phase.\necho \"SUCCESS\" > \"${SCRIPT_OUTPUT_FILE_0}\"\n";
			showEnvVarsInLog = 0;
		};
/* End PBXShellScriptBuildPhase section */

/* Begin PBXSourcesBuildPhase section */
		E611F5FB21C4F8AF00B4FAA0 /* Sources */ = {
			isa = PBXSourcesBuildPhase;
			buildActionMask = 2147483647;
			files = (
				E69CE86021C50840006B13E8 /* StickerView.swift in Sources */,
				E69CE86321C509D4006B13E8 /* Util.swift in Sources */,
				E69D36A121C63C0D003C80D2 /* UIView+Positioning.swift in Sources */,
				E611F60521C4F8AF00B4FAA0 /* ViewController.swift in Sources */,
				E664EBC821F878F4007123FE /* CustomLayerInstruction.swift in Sources */,
				E69CE85D21C50811006B13E8 /* Sticker.swift in Sources */,
				E664EBC721F878F4007123FE /* CustomVideoCompositor.swift in Sources */,
				E69D369F21C63392003C80D2 /* ResizableSlider.swift in Sources */,
				E69CE86121C50840006B13E8 /* StickerWrapView.swift in Sources */,
				E69D369D21C63268003C80D2 /* VideoPreview.swift in Sources */,
				E611F60321C4F8AF00B4FAA0 /* AppDelegate.swift in Sources */,
			);
			runOnlyForDeploymentPostprocessing = 0;
		};
/* End PBXSourcesBuildPhase section */

/* Begin PBXVariantGroup section */
		E611F60621C4F8AF00B4FAA0 /* Main.storyboard */ = {
			isa = PBXVariantGroup;
			children = (
				E611F60721C4F8AF00B4FAA0 /* Base */,
			);
			name = Main.storyboard;
			sourceTree = "<group>";
		};
		E611F60B21C4F8B000B4FAA0 /* LaunchScreen.storyboard */ = {
			isa = PBXVariantGroup;
			children = (
				E611F60C21C4F8B000B4FAA0 /* Base */,
			);
			name = LaunchScreen.storyboard;
			sourceTree = "<group>";
		};
/* End PBXVariantGroup section */

/* Begin XCBuildConfiguration section */
		E611F60F21C4F8B000B4FAA0 /* Debug */ = {
			isa = XCBuildConfiguration;
			buildSettings = {
				ALWAYS_SEARCH_USER_PATHS = NO;
				CLANG_ANALYZER_NONNULL = YES;
				CLANG_ANALYZER_NUMBER_OBJECT_CONVERSION = YES_AGGRESSIVE;
				CLANG_CXX_LANGUAGE_STANDARD = "gnu++14";
				CLANG_CXX_LIBRARY = "libc++";
				CLANG_ENABLE_MODULES = YES;
				CLANG_ENABLE_OBJC_ARC = YES;
				CLANG_ENABLE_OBJC_WEAK = YES;
				CLANG_WARN_BLOCK_CAPTURE_AUTORELEASING = YES;
				CLANG_WARN_BOOL_CONVERSION = YES;
				CLANG_WARN_COMMA = YES;
				CLANG_WARN_CONSTANT_CONVERSION = YES;
				CLANG_WARN_DEPRECATED_OBJC_IMPLEMENTATIONS = YES;
				CLANG_WARN_DIRECT_OBJC_ISA_USAGE = YES_ERROR;
				CLANG_WARN_DOCUMENTATION_COMMENTS = YES;
				CLANG_WARN_EMPTY_BODY = YES;
				CLANG_WARN_ENUM_CONVERSION = YES;
				CLANG_WARN_INFINITE_RECURSION = YES;
				CLANG_WARN_INT_CONVERSION = YES;
				CLANG_WARN_NON_LITERAL_NULL_CONVERSION = YES;
				CLANG_WARN_OBJC_IMPLICIT_RETAIN_SELF = YES;
				CLANG_WARN_OBJC_LITERAL_CONVERSION = YES;
				CLANG_WARN_OBJC_ROOT_CLASS = YES_ERROR;
				CLANG_WARN_RANGE_LOOP_ANALYSIS = YES;
				CLANG_WARN_STRICT_PROTOTYPES = YES;
				CLANG_WARN_SUSPICIOUS_MOVE = YES;
				CLANG_WARN_UNGUARDED_AVAILABILITY = YES_AGGRESSIVE;
				CLANG_WARN_UNREACHABLE_CODE = YES;
				CLANG_WARN__DUPLICATE_METHOD_MATCH = YES;
				CODE_SIGN_IDENTITY = "iPhone Developer";
				COPY_PHASE_STRIP = NO;
				DEBUG_INFORMATION_FORMAT = dwarf;
				ENABLE_STRICT_OBJC_MSGSEND = YES;
				ENABLE_TESTABILITY = YES;
				GCC_C_LANGUAGE_STANDARD = gnu11;
				GCC_DYNAMIC_NO_PIC = NO;
				GCC_NO_COMMON_BLOCKS = YES;
				GCC_OPTIMIZATION_LEVEL = 0;
				GCC_PREPROCESSOR_DEFINITIONS = (
					"DEBUG=1",
					"$(inherited)",
				);
				GCC_WARN_64_TO_32_BIT_CONVERSION = YES;
				GCC_WARN_ABOUT_RETURN_TYPE = YES_ERROR;
				GCC_WARN_UNDECLARED_SELECTOR = YES;
				GCC_WARN_UNINITIALIZED_AUTOS = YES_AGGRESSIVE;
				GCC_WARN_UNUSED_FUNCTION = YES;
				GCC_WARN_UNUSED_VARIABLE = YES;
				IPHONEOS_DEPLOYMENT_TARGET = 12.1;
				MTL_ENABLE_DEBUG_INFO = INCLUDE_SOURCE;
				MTL_FAST_MATH = YES;
				ONLY_ACTIVE_ARCH = YES;
				SDKROOT = iphoneos;
				SWIFT_ACTIVE_COMPILATION_CONDITIONS = DEBUG;
				SWIFT_OPTIMIZATION_LEVEL = "-Onone";
			};
			name = Debug;
		};
		E611F61021C4F8B000B4FAA0 /* Release */ = {
			isa = XCBuildConfiguration;
			buildSettings = {
				ALWAYS_SEARCH_USER_PATHS = NO;
				CLANG_ANALYZER_NONNULL = YES;
				CLANG_ANALYZER_NUMBER_OBJECT_CONVERSION = YES_AGGRESSIVE;
				CLANG_CXX_LANGUAGE_STANDARD = "gnu++14";
				CLANG_CXX_LIBRARY = "libc++";
				CLANG_ENABLE_MODULES = YES;
				CLANG_ENABLE_OBJC_ARC = YES;
				CLANG_ENABLE_OBJC_WEAK = YES;
				CLANG_WARN_BLOCK_CAPTURE_AUTORELEASING = YES;
				CLANG_WARN_BOOL_CONVERSION = YES;
				CLANG_WARN_COMMA = YES;
				CLANG_WARN_CONSTANT_CONVERSION = YES;
				CLANG_WARN_DEPRECATED_OBJC_IMPLEMENTATIONS = YES;
				CLANG_WARN_DIRECT_OBJC_ISA_USAGE = YES_ERROR;
				CLANG_WARN_DOCUMENTATION_COMMENTS = YES;
				CLANG_WARN_EMPTY_BODY = YES;
				CLANG_WARN_ENUM_CONVERSION = YES;
				CLANG_WARN_INFINITE_RECURSION = YES;
				CLANG_WARN_INT_CONVERSION = YES;
				CLANG_WARN_NON_LITERAL_NULL_CONVERSION = YES;
				CLANG_WARN_OBJC_IMPLICIT_RETAIN_SELF = YES;
				CLANG_WARN_OBJC_LITERAL_CONVERSION = YES;
				CLANG_WARN_OBJC_ROOT_CLASS = YES_ERROR;
				CLANG_WARN_RANGE_LOOP_ANALYSIS = YES;
				CLANG_WARN_STRICT_PROTOTYPES = YES;
				CLANG_WARN_SUSPICIOUS_MOVE = YES;
				CLANG_WARN_UNGUARDED_AVAILABILITY = YES_AGGRESSIVE;
				CLANG_WARN_UNREACHABLE_CODE = YES;
				CLANG_WARN__DUPLICATE_METHOD_MATCH = YES;
				CODE_SIGN_IDENTITY = "iPhone Developer";
				COPY_PHASE_STRIP = NO;
				DEBUG_INFORMATION_FORMAT = "dwarf-with-dsym";
				ENABLE_NS_ASSERTIONS = NO;
				ENABLE_STRICT_OBJC_MSGSEND = YES;
				GCC_C_LANGUAGE_STANDARD = gnu11;
				GCC_NO_COMMON_BLOCKS = YES;
				GCC_WARN_64_TO_32_BIT_CONVERSION = YES;
				GCC_WARN_ABOUT_RETURN_TYPE = YES_ERROR;
				GCC_WARN_UNDECLARED_SELECTOR = YES;
				GCC_WARN_UNINITIALIZED_AUTOS = YES_AGGRESSIVE;
				GCC_WARN_UNUSED_FUNCTION = YES;
				GCC_WARN_UNUSED_VARIABLE = YES;
				IPHONEOS_DEPLOYMENT_TARGET = 12.1;
				MTL_ENABLE_DEBUG_INFO = NO;
				MTL_FAST_MATH = YES;
				SDKROOT = iphoneos;
				SWIFT_COMPILATION_MODE = wholemodule;
				SWIFT_OPTIMIZATION_LEVEL = "-O";
				VALIDATE_PRODUCT = YES;
			};
			name = Release;
		};
		E611F61221C4F8B000B4FAA0 /* Debug */ = {
			isa = XCBuildConfiguration;
			baseConfigurationReference = 8E1DF4586636AF0E4A2FD818 /* Pods-LottieInVideo.debug.xcconfig */;
			buildSettings = {
				ASSETCATALOG_COMPILER_APPICON_NAME = AppIcon;
				CODE_SIGN_STYLE = Automatic;
				DEVELOPMENT_TEAM = 3A75DREAB8;
				INFOPLIST_FILE = LottieInVideo/Info.plist;
				LD_RUNPATH_SEARCH_PATHS = (
					"$(inherited)",
					"@executable_path/Frameworks",
				);
				PRODUCT_BUNDLE_IDENTIFIER = com.lvpengwei.LottieInVideo;
				PRODUCT_NAME = "$(TARGET_NAME)";
				SWIFT_VERSION = 4.2;
				TARGETED_DEVICE_FAMILY = "1,2";
			};
			name = Debug;
		};
		E611F61321C4F8B000B4FAA0 /* Release */ = {
			isa = XCBuildConfiguration;
			baseConfigurationReference = 48A383B9FB37A398635568D2 /* Pods-LottieInVideo.release.xcconfig */;
			buildSettings = {
				ASSETCATALOG_COMPILER_APPICON_NAME = AppIcon;
				CODE_SIGN_STYLE = Automatic;
				DEVELOPMENT_TEAM = 3A75DREAB8;
				INFOPLIST_FILE = LottieInVideo/Info.plist;
				LD_RUNPATH_SEARCH_PATHS = (
					"$(inherited)",
					"@executable_path/Frameworks",
				);
				PRODUCT_BUNDLE_IDENTIFIER = com.lvpengwei.LottieInVideo;
				PRODUCT_NAME = "$(TARGET_NAME)";
				SWIFT_VERSION = 4.2;
				TARGETED_DEVICE_FAMILY = "1,2";
			};
			name = Release;
		};
/* End XCBuildConfiguration section */

/* Begin XCConfigurationList section */
		E611F5FA21C4F8AF00B4FAA0 /* Build configuration list for PBXProject "LottieInVideo" */ = {
			isa = XCConfigurationList;
			buildConfigurations = (
				E611F60F21C4F8B000B4FAA0 /* Debug */,
				E611F61021C4F8B000B4FAA0 /* Release */,
			);
			defaultConfigurationIsVisible = 0;
			defaultConfigurationName = Release;
		};
		E611F61121C4F8B000B4FAA0 /* Build configuration list for PBXNativeTarget "LottieInVideo" */ = {
			isa = XCConfigurationList;
			buildConfigurations = (
				E611F61221C4F8B000B4FAA0 /* Debug */,
				E611F61321C4F8B000B4FAA0 /* Release */,
			);
			defaultConfigurationIsVisible = 0;
			defaultConfigurationName = Release;
		};
/* End XCConfigurationList section */
	};
	rootObject = E611F5F721C4F8AF00B4FAA0 /* Project object */;
}
