PODS:
  - AVPlayerSeeker (1.1)
  - lottie-ios (2.5.2)
  - RxAtomic (4.4.0)
  - RxCocoa (4.4.0):
    - RxSwift (~> 4.0)
  - RxSwift (4.4.0):
    - RxAtomic (~> 4.4)
  - SCRecorder (2.7.0)
  - SnapKit (4.2.0)
  - UIColor_Hex_Swift (4.2.0)

DEPENDENCIES:
  - AVPlayerSeeker (from `https://github.com/lvpengwei/AVPlayerSeeker.git`, commit `31381b0249d0d9a3dbae3a2c893fb132561547e7`)
  - lottie-ios (from `https://github.com/lvpengwei/lottie-ios.git`, commit `7fc43f46635767fc6840c215313f08e7481ccb7f`)
  - RxCocoa (~> 4.4.0)
  - SCRecorder (from `https://github.com/lvpengwei/SCRecorder.git`, commit `f507fcc38228e14d1c2d970f559548742cbf13a6`)
  - SnapKit (~> 4.2.0)
  - UIColor_Hex_Swift (~> 4.2.0)

SPEC REPOS:
  https://github.com/cocoapods/specs.git:
    - RxAtomic
    - RxCocoa
    - RxSwift
    - SnapKit
    - UIColor_Hex_Swift

EXTERNAL SOURCES:
  AVPlayerSeeker:
    :commit: 31381b0249d0d9a3dbae3a2c893fb132561547e7
    :git: https://github.com/lvpengwei/AVPlayerSeeker.git
  lottie-ios:
    :commit: 7fc43f46635767fc6840c215313f08e7481ccb7f
    :git: https://github.com/lvpengwei/lottie-ios.git
  SCRecorder:
    :commit: f507fcc38228e14d1c2d970f559548742cbf13a6
    :git: https://github.com/lvpengwei/SCRecorder.git

CHECKOUT OPTIONS:
  AVPlayerSeeker:
    :commit: 31381b0249d0d9a3dbae3a2c893fb132561547e7
    :git: https://github.com/lvpengwei/AVPlayerSeeker.git
  lottie-ios:
    :commit: 7fc43f46635767fc6840c215313f08e7481ccb7f
    :git: https://github.com/lvpengwei/lottie-ios.git
  SCRecorder:
    :commit: f507fcc38228e14d1c2d970f559548742cbf13a6
    :git: https://github.com/lvpengwei/SCRecorder.git

SPEC CHECKSUMS:
  AVPlayerSeeker: 97a9f1d66c8c46d5889936033b3e88de06d45c54
  lottie-ios: 3fef45d3fabe63e3c7c2eb603dd64ddfffc73062
  RxAtomic: eacf60db868c96bfd63320e28619fe29c179656f
  RxCocoa: df63ebf7b9a70d6b4eeea407ed5dd4efc8979749
  RxSwift: 5976ecd04fc2fefd648827c23de5e11157faa973
  SCRecorder: bbb521dbc222908876ec9cd9156bbc8a893bed44
  SnapKit: fe8a619752f3f27075cc9a90244d75c6c3f27e2a
  UIColor_Hex_Swift: bc07fc197421ee896b9ed6dcfa2054b7fbf75145

PODFILE CHECKSUM: 0290a1d636e7f14836e1263277bb13aa2b49ff93

COCOAPODS: 1.5.3
